{
  "version": 4,
  "terraform_version": "0.15.1",
  "serial": 49,
  "lineage": "3f397afa-1666-30b8-ada0-00ec79aa35cc",
  "outputs": {
    "cosmosdb_connection_string": {
      "value": [
        "mongodb://cosmos-db-83892:A708QQvtR3WZYpvnv8cD9upSMtw9wojKoZ1MCHhJjP4uv4jmyDQuKuKGkjUCDrbsmu3FQHrnT8K3QgfQsm4gUw==@cosmos-db-83892.mongo.cosmos.azure.com:10255/?ssl=true\u0026replicaSet=globaldb\u0026retrywrites=false\u0026maxIdleTimeMS=120000\u0026appName=@cosmos-db-83892@",
        "mongodb://cosmos-db-83892:plQHzdjq5fv0jEYlvxtDEmVpsao1LwfpMp2O1uEUEtYu9LyEKdGYdv5Y3uYgaFjwoXvLwq6eNzfrOb4a0nlpuA==@cosmos-db-83892.mongo.cosmos.azure.com:10255/?ssl=true\u0026replicaSet=globaldb\u0026retrywrites=false\u0026maxIdleTimeMS=120000\u0026appName=@cosmos-db-83892@",
        "mongodb://cosmos-db-83892:D74UMoEeaaRW7F2bZ46uUoaI9hpqjUcUXKlpNaRTIoXRB1hW7yOlDKYkYqOIAPbgn5o42GJVJiC6EgiqIEcIeg==@cosmos-db-83892.mongo.cosmos.azure.com:10255/?ssl=true\u0026replicaSet=globaldb\u0026retrywrites=false\u0026maxIdleTimeMS=120000\u0026appName=@cosmos-db-83892@",
        "mongodb://cosmos-db-83892:Zt2e6Q4y9mALnoi3KQNtntaPbW6ht5HE2gOtswOmuETOyySg62ceFUcyqiY8MKSIWtSBPoQOblMpShTThBeoKQ==@cosmos-db-83892.mongo.cosmos.azure.com:10255/?ssl=true\u0026replicaSet=globaldb\u0026retrywrites=false\u0026maxIdleTimeMS=120000\u0026appName=@cosmos-db-83892@"
      ],
      "type": [
        "list",
        "string"
      ],
      "sensitive": true
    },
    "cosmosdb_key": {
      "value": "A708QQvtR3WZYpvnv8cD9upSMtw9wojKoZ1MCHhJjP4uv4jmyDQuKuKGkjUCDrbsmu3FQHrnT8K3QgfQsm4gUw==",
      "type": "string",
      "sensitive": true
    },
    "databricks_host": {
      "value": "https:///",
      "type": "string"
    },
    "ip_of_vm": {
      "value": [
        {
          "allocation_method": "Dynamic",
          "domain_name_label": null,
          "fqdn": null,
          "id": "/subscriptions/892f7279-0723-4010-9fed-964441e071ab/resourceGroups/VMResourceGroup/providers/Microsoft.Network/publicIPAddresses/PublicIP0",
          "idle_timeout_in_minutes": 4,
          "ip_address": "",
          "ip_tags": {},
          "ip_version": "IPv4",
          "location": "westus",
          "name": "PublicIP0",
          "public_ip_prefix_id": null,
          "resource_group_name": "VMResourceGroup",
          "reverse_fqdn": null,
          "sku": "Basic",
          "tags": {
            "environment": "VM Creation"
          },
          "timeouts": null,
          "zones": []
        },
        {
          "allocation_method": "Dynamic",
          "domain_name_label": null,
          "fqdn": null,
          "id": "/subscriptions/892f7279-0723-4010-9fed-964441e071ab/resourceGroups/VMResourceGroup/providers/Microsoft.Network/publicIPAddresses/PublicIP1",
          "idle_timeout_in_minutes": 4,
          "ip_address": "",
          "ip_tags": {},
          "ip_version": "IPv4",
          "location": "westus",
          "name": "PublicIP1",
          "public_ip_prefix_id": null,
          "resource_group_name": "VMResourceGroup",
          "reverse_fqdn": null,
          "sku": "Basic",
          "tags": {
            "environment": "VM Creation"
          },
          "timeouts": null,
          "zones": []
        }
      ],
      "type": [
        "tuple",
        [
          [
            "object",
            {
              "allocation_method": "string",
              "domain_name_label": "string",
              "fqdn": "string",
              "id": "string",
              "idle_timeout_in_minutes": "number",
              "ip_address": "string",
              "ip_tags": [
                "map",
                "string"
              ],
              "ip_version": "string",
              "location": "string",
              "name": "string",
              "public_ip_prefix_id": "string",
              "resource_group_name": "string",
              "reverse_fqdn": "string",
              "sku": "string",
              "tags": [
                "map",
                "string"
              ],
              "timeouts": [
                "object",
                {
                  "create": "string",
                  "delete": "string",
                  "read": "string",
                  "update": "string"
                }
              ],
              "zones": [
                "list",
                "string"
              ]
            }
          ],
          [
            "object",
            {
              "allocation_method": "string",
              "domain_name_label": "string",
              "fqdn": "string",
              "id": "string",
              "idle_timeout_in_minutes": "number",
              "ip_address": "string",
              "ip_tags": [
                "map",
                "string"
              ],
              "ip_version": "string",
              "location": "string",
              "name": "string",
              "public_ip_prefix_id": "string",
              "resource_group_name": "string",
              "reverse_fqdn": "string",
              "sku": "string",
              "tags": [
                "map",
                "string"
              ],
              "timeouts": [
                "object",
                {
                  "create": "string",
                  "delete": "string",
                  "read": "string",
                  "update": "string"
                }
              ],
              "zones": [
                "list",
                "string"
              ]
            }
          ]
        ]
      ]
    },
    "vm_password": {
      "value": "hGFVgMzR",
      "type": "string",
      "sensitive": true
    }
  },
  "resources": [
    {
      "mode": "managed",
      "type": "azurerm_cosmosdb_account",
      "name": "acc",
      "provider": "provider[\"registry.terraform.io/hashicorp/azurerm\"]",
      "instances": [
        {
          "schema_version": 0,
          "attributes": {
            "access_key_metadata_writes_enabled": true,
            "analytical_storage_enabled": false,
            "capabilities": [],
            "connection_strings": [
              "mongodb://cosmos-db-83892:A708QQvtR3WZYpvnv8cD9upSMtw9wojKoZ1MCHhJjP4uv4jmyDQuKuKGkjUCDrbsmu3FQHrnT8K3QgfQsm4gUw==@cosmos-db-83892.mongo.cosmos.azure.com:10255/?ssl=true\u0026replicaSet=globaldb\u0026retrywrites=false\u0026maxIdleTimeMS=120000\u0026appName=@cosmos-db-83892@",
              "mongodb://cosmos-db-83892:plQHzdjq5fv0jEYlvxtDEmVpsao1LwfpMp2O1uEUEtYu9LyEKdGYdv5Y3uYgaFjwoXvLwq6eNzfrOb4a0nlpuA==@cosmos-db-83892.mongo.cosmos.azure.com:10255/?ssl=true\u0026replicaSet=globaldb\u0026retrywrites=false\u0026maxIdleTimeMS=120000\u0026appName=@cosmos-db-83892@",
              "mongodb://cosmos-db-83892:D74UMoEeaaRW7F2bZ46uUoaI9hpqjUcUXKlpNaRTIoXRB1hW7yOlDKYkYqOIAPbgn5o42GJVJiC6EgiqIEcIeg==@cosmos-db-83892.mongo.cosmos.azure.com:10255/?ssl=true\u0026replicaSet=globaldb\u0026retrywrites=false\u0026maxIdleTimeMS=120000\u0026appName=@cosmos-db-83892@",
              "mongodb://cosmos-db-83892:Zt2e6Q4y9mALnoi3KQNtntaPbW6ht5HE2gOtswOmuETOyySg62ceFUcyqiY8MKSIWtSBPoQOblMpShTThBeoKQ==@cosmos-db-83892.mongo.cosmos.azure.com:10255/?ssl=true\u0026replicaSet=globaldb\u0026retrywrites=false\u0026maxIdleTimeMS=120000\u0026appName=@cosmos-db-83892@"
            ],
            "consistency_policy": [
              {
                "consistency_level": "BoundedStaleness",
                "max_interval_in_seconds": 10,
                "max_staleness_prefix": 200
              }
            ],
            "enable_automatic_failover": false,
            "enable_free_tier": false,
            "enable_multiple_write_locations": false,
            "endpoint": "https://cosmos-db-83892.documents.azure.com:443/",
            "geo_location": [
              {
                "failover_priority": 0,
                "id": "cosmos-db-83892-westus",
                "location": "westus",
                "prefix": "",
                "zone_redundant": false
              }
            ],
            "id": "/subscriptions/892f7279-0723-4010-9fed-964441e071ab/resourceGroups/RSCosmosdb/providers/Microsoft.DocumentDB/databaseAccounts/cosmos-db-83892",
            "ip_range_filter": "",
            "is_virtual_network_filter_enabled": true,
            "key_vault_key_id": null,
            "kind": "MongoDB",
            "location": "westus",
            "mongo_server_version": "3.6",
            "name": "cosmos-db-83892",
            "network_acl_bypass_for_azure_services": false,
            "network_acl_bypass_ids": null,
            "offer_type": "Standard",
            "primary_key": "A708QQvtR3WZYpvnv8cD9upSMtw9wojKoZ1MCHhJjP4uv4jmyDQuKuKGkjUCDrbsmu3FQHrnT8K3QgfQsm4gUw==",
            "primary_master_key": "A708QQvtR3WZYpvnv8cD9upSMtw9wojKoZ1MCHhJjP4uv4jmyDQuKuKGkjUCDrbsmu3FQHrnT8K3QgfQsm4gUw==",
            "primary_readonly_key": "D74UMoEeaaRW7F2bZ46uUoaI9hpqjUcUXKlpNaRTIoXRB1hW7yOlDKYkYqOIAPbgn5o42GJVJiC6EgiqIEcIeg==",
            "primary_readonly_master_key": "D74UMoEeaaRW7F2bZ46uUoaI9hpqjUcUXKlpNaRTIoXRB1hW7yOlDKYkYqOIAPbgn5o42GJVJiC6EgiqIEcIeg==",
            "public_network_access_enabled": true,
            "read_endpoints": [
              "https://cosmos-db-83892-westus.documents.azure.com:443/"
            ],
            "resource_group_name": "RSCosmosdb",
            "secondary_key": "plQHzdjq5fv0jEYlvxtDEmVpsao1LwfpMp2O1uEUEtYu9LyEKdGYdv5Y3uYgaFjwoXvLwq6eNzfrOb4a0nlpuA==",
            "secondary_master_key": "plQHzdjq5fv0jEYlvxtDEmVpsao1LwfpMp2O1uEUEtYu9LyEKdGYdv5Y3uYgaFjwoXvLwq6eNzfrOb4a0nlpuA==",
            "secondary_readonly_key": "Zt2e6Q4y9mALnoi3KQNtntaPbW6ht5HE2gOtswOmuETOyySg62ceFUcyqiY8MKSIWtSBPoQOblMpShTThBeoKQ==",
            "secondary_readonly_master_key": "Zt2e6Q4y9mALnoi3KQNtntaPbW6ht5HE2gOtswOmuETOyySg62ceFUcyqiY8MKSIWtSBPoQOblMpShTThBeoKQ==",
            "tags": null,
            "timeouts": null,
            "virtual_network_rule": [
              {
                "id": "/subscriptions/892f7279-0723-4010-9fed-964441e071ab/resourceGroups/VMResourceGroup/providers/Microsoft.Network/virtualNetworks/VMVnet/subnets/VNETSubnet",
                "ignore_missing_vnet_service_endpoint": true
              }
            ],
            "write_endpoints": [
              "https://cosmos-db-83892-westus.documents.azure.com:443/"
            ]
          },
          "sensitive_attributes": [],
          "private": "eyJlMmJmYjczMC1lY2FhLTExZTYtOGY4OC0zNDM2M2JjN2M0YzAiOnsiY3JlYXRlIjoxMDgwMDAwMDAwMDAwMCwiZGVsZXRlIjoxMDgwMDAwMDAwMDAwMCwicmVhZCI6MzAwMDAwMDAwMDAwLCJ1cGRhdGUiOjEwODAwMDAwMDAwMDAwfX0=",
          "dependencies": [
            "azurerm_resource_group.rscosmosdb",
            "azurerm_subnet.AZsubnet",
            "random_integer.ri"
          ]
        }
      ]
    },
    {
      "mode": "managed",
      "type": "azurerm_cosmosdb_mongo_database",
      "name": "mongodb",
      "provider": "provider[\"registry.terraform.io/hashicorp/azurerm\"]",
      "instances": [
        {
          "index_key": 0,
          "schema_version": 1,
          "attributes": {
            "account_name": "cosmos-db-83892",
            "autoscale_settings": [],
            "id": "/subscriptions/892f7279-0723-4010-9fed-964441e071ab/resourceGroups/RSCosmosdb/providers/Microsoft.DocumentDB/databaseAccounts/cosmos-db-83892/mongodbDatabases/cosmosmongodb",
            "name": "cosmosmongodb",
            "resource_group_name": "RSCosmosdb",
            "throughput": 400,
            "timeouts": null
          },
          "sensitive_attributes": [],
          "private": "eyJlMmJmYjczMC1lY2FhLTExZTYtOGY4OC0zNDM2M2JjN2M0YzAiOnsiY3JlYXRlIjoxODAwMDAwMDAwMDAwLCJkZWxldGUiOjE4MDAwMDAwMDAwMDAsInJlYWQiOjMwMDAwMDAwMDAwMCwidXBkYXRlIjoxODAwMDAwMDAwMDAwfSwic2NoZW1hX3ZlcnNpb24iOiIxIn0=",
          "dependencies": [
            "azurerm_cosmosdb_account.acc",
            "azurerm_resource_group.rscosmosdb",
            "azurerm_subnet.AZsubnet",
            "random_integer.ri"
          ]
        }
      ]
    },
    {
      "mode": "managed",
      "type": "azurerm_databricks_workspace",
      "name": "wrkspace",
      "provider": "provider[\"registry.terraform.io/hashicorp/azurerm\"]",
      "instances": [
        {
          "schema_version": 0,
          "attributes": {
            "custom_parameters": [],
            "id": "/subscriptions/892f7279-0723-4010-9fed-964441e071ab/resourceGroups/VMResourceGroup/providers/Microsoft.Databricks/workspaces/databrick_workspace",
            "location": "westus",
            "managed_resource_group_id": "/subscriptions/892f7279-0723-4010-9fed-964441e071ab/resourceGroups/databricks-rg-VMResourceGroup",
            "managed_resource_group_name": "databricks-rg-VMResourceGroup",
            "name": "databrick_workspace",
            "resource_group_name": "VMResourceGroup",
            "sku": "standard",
            "tags": null,
            "timeouts": null,
            "workspace_id": "",
            "workspace_url": ""
          },
          "sensitive_attributes": [],
          "private": "eyJlMmJmYjczMC1lY2FhLTExZTYtOGY4OC0zNDM2M2JjN2M0YzAiOnsiY3JlYXRlIjoxODAwMDAwMDAwMDAwLCJkZWxldGUiOjE4MDAwMDAwMDAwMDAsInJlYWQiOjMwMDAwMDAwMDAwMCwidXBkYXRlIjoxODAwMDAwMDAwMDAwfX0=",
          "dependencies": [
            "azurerm_resource_group.rsgroup",
            "azurerm_subnet.AZVnetDBrick",
            "azurerm_subnet.AZsubnet",
            "azurerm_virtual_network.AZVnet"
          ]
        }
      ]
    },
    {
      "mode": "managed",
      "type": "azurerm_network_interface",
      "name": "aznic",
      "provider": "provider[\"registry.terraform.io/hashicorp/azurerm\"]",
      "instances": [
        {
          "index_key": 0,
          "schema_version": 0,
          "attributes": {
            "applied_dns_servers": [],
            "dns_servers": [],
            "enable_accelerated_networking": false,
            "enable_ip_forwarding": false,
            "id": "/subscriptions/892f7279-0723-4010-9fed-964441e071ab/resourceGroups/VMResourceGroup/providers/Microsoft.Network/networkInterfaces/NIC0",
            "internal_dns_name_label": "",
            "internal_domain_name_suffix": "grga0wnhymkerjqknac3syi0yb.dx.internal.cloudapp.net",
            "ip_configuration": [
              {
                "name": "NicConfiguration0",
                "primary": true,
                "private_ip_address": "10.0.1.5",
                "private_ip_address_allocation": "Dynamic",
                "private_ip_address_version": "IPv4",
                "public_ip_address_id": "/subscriptions/892f7279-0723-4010-9fed-964441e071ab/resourceGroups/VMResourceGroup/providers/Microsoft.Network/publicIPAddresses/PublicIP0",
                "subnet_id": "/subscriptions/892f7279-0723-4010-9fed-964441e071ab/resourceGroups/VMResourceGroup/providers/Microsoft.Network/virtualNetworks/VMVnet/subnets/VNETSubnet"
              }
            ],
            "location": "westus",
            "mac_address": "",
            "name": "NIC0",
            "private_ip_address": "10.0.1.5",
            "private_ip_addresses": [
              "10.0.1.5"
            ],
            "resource_group_name": "VMResourceGroup",
            "tags": {
              "environment": "VM Creation"
            },
            "timeouts": null,
            "virtual_machine_id": ""
          },
          "sensitive_attributes": [],
          "private": "eyJlMmJmYjczMC1lY2FhLTExZTYtOGY4OC0zNDM2M2JjN2M0YzAiOnsiY3JlYXRlIjoxODAwMDAwMDAwMDAwLCJkZWxldGUiOjE4MDAwMDAwMDAwMDAsInJlYWQiOjMwMDAwMDAwMDAwMCwidXBkYXRlIjoxODAwMDAwMDAwMDAwfX0=",
          "dependencies": [
            "azurerm_public_ip.VMPublicIIP",
            "azurerm_resource_group.rsgroup",
            "azurerm_subnet.AZsubnet",
            "azurerm_virtual_network.AZVnet"
          ]
        },
        {
          "index_key": 1,
          "schema_version": 0,
          "attributes": {
            "applied_dns_servers": [],
            "dns_servers": [],
            "enable_accelerated_networking": false,
            "enable_ip_forwarding": false,
            "id": "/subscriptions/892f7279-0723-4010-9fed-964441e071ab/resourceGroups/VMResourceGroup/providers/Microsoft.Network/networkInterfaces/NIC1",
            "internal_dns_name_label": "",
            "internal_domain_name_suffix": "grga0wnhymkerjqknac3syi0yb.dx.internal.cloudapp.net",
            "ip_configuration": [
              {
                "name": "NicConfiguration1",
                "primary": true,
                "private_ip_address": "10.0.1.4",
                "private_ip_address_allocation": "Dynamic",
                "private_ip_address_version": "IPv4",
                "public_ip_address_id": "/subscriptions/892f7279-0723-4010-9fed-964441e071ab/resourceGroups/VMResourceGroup/providers/Microsoft.Network/publicIPAddresses/PublicIP1",
                "subnet_id": "/subscriptions/892f7279-0723-4010-9fed-964441e071ab/resourceGroups/VMResourceGroup/providers/Microsoft.Network/virtualNetworks/VMVnet/subnets/VNETSubnet"
              }
            ],
            "location": "westus",
            "mac_address": "",
            "name": "NIC1",
            "private_ip_address": "10.0.1.4",
            "private_ip_addresses": [
              "10.0.1.4"
            ],
            "resource_group_name": "VMResourceGroup",
            "tags": {
              "environment": "VM Creation"
            },
            "timeouts": null,
            "virtual_machine_id": ""
          },
          "sensitive_attributes": [],
          "private": "eyJlMmJmYjczMC1lY2FhLTExZTYtOGY4OC0zNDM2M2JjN2M0YzAiOnsiY3JlYXRlIjoxODAwMDAwMDAwMDAwLCJkZWxldGUiOjE4MDAwMDAwMDAwMDAsInJlYWQiOjMwMDAwMDAwMDAwMCwidXBkYXRlIjoxODAwMDAwMDAwMDAwfX0=",
          "dependencies": [
            "azurerm_public_ip.VMPublicIIP",
            "azurerm_resource_group.rsgroup",
            "azurerm_subnet.AZsubnet",
            "azurerm_virtual_network.AZVnet"
          ]
        }
      ]
    },
    {
      "mode": "managed",
      "type": "azurerm_network_interface_security_group_association",
      "name": "azssgassociation",
      "provider": "provider[\"registry.terraform.io/hashicorp/azurerm\"]",
      "instances": [
        {
          "index_key": 0,
          "schema_version": 0,
          "attributes": {
            "id": "/subscriptions/892f7279-0723-4010-9fed-964441e071ab/resourceGroups/VMResourceGroup/providers/Microsoft.Network/networkInterfaces/NIC0|/subscriptions/892f7279-0723-4010-9fed-964441e071ab/resourceGroups/VMResourceGroup/providers/Microsoft.Network/networkSecurityGroups/NSG",
            "network_interface_id": "/subscriptions/892f7279-0723-4010-9fed-964441e071ab/resourceGroups/VMResourceGroup/providers/Microsoft.Network/networkInterfaces/NIC0",
            "network_security_group_id": "/subscriptions/892f7279-0723-4010-9fed-964441e071ab/resourceGroups/VMResourceGroup/providers/Microsoft.Network/networkSecurityGroups/NSG",
            "timeouts": null
          },
          "sensitive_attributes": [],
          "private": "eyJlMmJmYjczMC1lY2FhLTExZTYtOGY4OC0zNDM2M2JjN2M0YzAiOnsiY3JlYXRlIjoxODAwMDAwMDAwMDAwLCJkZWxldGUiOjE4MDAwMDAwMDAwMDAsInJlYWQiOjMwMDAwMDAwMDAwMCwidXBkYXRlIjoxODAwMDAwMDAwMDAwfX0=",
          "dependencies": [
            "azurerm_subnet.AZsubnet",
            "azurerm_virtual_network.AZVnet",
            "azurerm_network_interface.aznic",
            "azurerm_network_security_group.aznsg",
            "azurerm_public_ip.VMPublicIIP",
            "azurerm_resource_group.rsgroup"
          ]
        },
        {
          "index_key": 1,
          "schema_version": 0,
          "attributes": {
            "id": "/subscriptions/892f7279-0723-4010-9fed-964441e071ab/resourceGroups/VMResourceGroup/providers/Microsoft.Network/networkInterfaces/NIC1|/subscriptions/892f7279-0723-4010-9fed-964441e071ab/resourceGroups/VMResourceGroup/providers/Microsoft.Network/networkSecurityGroups/NSG",
            "network_interface_id": "/subscriptions/892f7279-0723-4010-9fed-964441e071ab/resourceGroups/VMResourceGroup/providers/Microsoft.Network/networkInterfaces/NIC1",
            "network_security_group_id": "/subscriptions/892f7279-0723-4010-9fed-964441e071ab/resourceGroups/VMResourceGroup/providers/Microsoft.Network/networkSecurityGroups/NSG",
            "timeouts": null
          },
          "sensitive_attributes": [],
          "private": "eyJlMmJmYjczMC1lY2FhLTExZTYtOGY4OC0zNDM2M2JjN2M0YzAiOnsiY3JlYXRlIjoxODAwMDAwMDAwMDAwLCJkZWxldGUiOjE4MDAwMDAwMDAwMDAsInJlYWQiOjMwMDAwMDAwMDAwMCwidXBkYXRlIjoxODAwMDAwMDAwMDAwfX0=",
          "dependencies": [
            "azurerm_network_security_group.aznsg",
            "azurerm_public_ip.VMPublicIIP",
            "azurerm_resource_group.rsgroup",
            "azurerm_subnet.AZsubnet",
            "azurerm_virtual_network.AZVnet",
            "azurerm_network_interface.aznic"
          ]
        }
      ]
    },
    {
      "mode": "managed",
      "type": "azurerm_network_security_group",
      "name": "aznsg",
      "provider": "provider[\"registry.terraform.io/hashicorp/azurerm\"]",
      "instances": [
        {
          "schema_version": 0,
          "attributes": {
            "id": "/subscriptions/892f7279-0723-4010-9fed-964441e071ab/resourceGroups/VMResourceGroup/providers/Microsoft.Network/networkSecurityGroups/NSG",
            "location": "westus",
            "name": "NSG",
            "resource_group_name": "VMResourceGroup",
            "security_rule": [
              {
                "access": "Allow",
                "description": "",
                "destination_address_prefix": "*",
                "destination_address_prefixes": [],
                "destination_application_security_group_ids": [],
                "destination_port_range": "22",
                "destination_port_ranges": [],
                "direction": "Inbound",
                "name": "SSH",
                "priority": 1001,
                "protocol": "Tcp",
                "source_address_prefix": "*",
                "source_address_prefixes": [],
                "source_application_security_group_ids": [],
                "source_port_range": "*",
                "source_port_ranges": []
              }
            ],
            "tags": {
              "environment": "VM Creation"
            },
            "timeouts": null
          },
          "sensitive_attributes": [],
          "private": "eyJlMmJmYjczMC1lY2FhLTExZTYtOGY4OC0zNDM2M2JjN2M0YzAiOnsiY3JlYXRlIjoxODAwMDAwMDAwMDAwLCJkZWxldGUiOjE4MDAwMDAwMDAwMDAsInJlYWQiOjMwMDAwMDAwMDAwMCwidXBkYXRlIjoxODAwMDAwMDAwMDAwfX0=",
          "dependencies": [
            "azurerm_resource_group.rsgroup"
          ]
        }
      ]
    },
    {
      "mode": "managed",
      "type": "azurerm_public_ip",
      "name": "VMPublicIIP",
      "provider": "provider[\"registry.terraform.io/hashicorp/azurerm\"]",
      "instances": [
        {
          "index_key": 0,
          "schema_version": 0,
          "attributes": {
            "allocation_method": "Dynamic",
            "domain_name_label": null,
            "fqdn": null,
            "id": "/subscriptions/892f7279-0723-4010-9fed-964441e071ab/resourceGroups/VMResourceGroup/providers/Microsoft.Network/publicIPAddresses/PublicIP0",
            "idle_timeout_in_minutes": 4,
            "ip_address": "",
            "ip_tags": {},
            "ip_version": "IPv4",
            "location": "westus",
            "name": "PublicIP0",
            "public_ip_prefix_id": null,
            "resource_group_name": "VMResourceGroup",
            "reverse_fqdn": null,
            "sku": "Basic",
            "tags": {
              "environment": "VM Creation"
            },
            "timeouts": null,
            "zones": []
          },
          "sensitive_attributes": [],
          "private": "eyJlMmJmYjczMC1lY2FhLTExZTYtOGY4OC0zNDM2M2JjN2M0YzAiOnsiY3JlYXRlIjoxODAwMDAwMDAwMDAwLCJkZWxldGUiOjE4MDAwMDAwMDAwMDAsInJlYWQiOjMwMDAwMDAwMDAwMCwidXBkYXRlIjoxODAwMDAwMDAwMDAwfX0=",
          "dependencies": [
            "azurerm_resource_group.rsgroup"
          ]
        },
        {
          "index_key": 1,
          "schema_version": 0,
          "attributes": {
            "allocation_method": "Dynamic",
            "domain_name_label": null,
            "fqdn": null,
            "id": "/subscriptions/892f7279-0723-4010-9fed-964441e071ab/resourceGroups/VMResourceGroup/providers/Microsoft.Network/publicIPAddresses/PublicIP1",
            "idle_timeout_in_minutes": 4,
            "ip_address": "",
            "ip_tags": {},
            "ip_version": "IPv4",
            "location": "westus",
            "name": "PublicIP1",
            "public_ip_prefix_id": null,
            "resource_group_name": "VMResourceGroup",
            "reverse_fqdn": null,
            "sku": "Basic",
            "tags": {
              "environment": "VM Creation"
            },
            "timeouts": null,
            "zones": []
          },
          "sensitive_attributes": [],
          "private": "eyJlMmJmYjczMC1lY2FhLTExZTYtOGY4OC0zNDM2M2JjN2M0YzAiOnsiY3JlYXRlIjoxODAwMDAwMDAwMDAwLCJkZWxldGUiOjE4MDAwMDAwMDAwMDAsInJlYWQiOjMwMDAwMDAwMDAwMCwidXBkYXRlIjoxODAwMDAwMDAwMDAwfX0=",
          "dependencies": [
            "azurerm_resource_group.rsgroup"
          ]
        }
      ]
    },
    {
      "mode": "managed",
      "type": "azurerm_resource_group",
      "name": "rscosmosdb",
      "provider": "provider[\"registry.terraform.io/hashicorp/azurerm\"]",
      "instances": [
        {
          "schema_version": 0,
          "attributes": {
            "id": "/subscriptions/892f7279-0723-4010-9fed-964441e071ab/resourceGroups/RSCosmosdb",
            "location": "westus",
            "name": "RSCosmosdb",
            "tags": {
              "environment": "Cosmosdb Creation"
            },
            "timeouts": null
          },
          "sensitive_attributes": [],
          "private": "eyJlMmJmYjczMC1lY2FhLTExZTYtOGY4OC0zNDM2M2JjN2M0YzAiOnsiY3JlYXRlIjo1NDAwMDAwMDAwMDAwLCJkZWxldGUiOjU0MDAwMDAwMDAwMDAsInJlYWQiOjMwMDAwMDAwMDAwMCwidXBkYXRlIjo1NDAwMDAwMDAwMDAwfX0="
        }
      ]
    },
    {
      "mode": "managed",
      "type": "azurerm_resource_group",
      "name": "rsgroup",
      "provider": "provider[\"registry.terraform.io/hashicorp/azurerm\"]",
      "instances": [
        {
          "schema_version": 0,
          "attributes": {
            "id": "/subscriptions/892f7279-0723-4010-9fed-964441e071ab/resourceGroups/VMResourceGroup",
            "location": "westus",
            "name": "VMResourceGroup",
            "tags": {
              "environment": "VM Creation"
            },
            "timeouts": null
          },
          "sensitive_attributes": [],
          "private": "eyJlMmJmYjczMC1lY2FhLTExZTYtOGY4OC0zNDM2M2JjN2M0YzAiOnsiY3JlYXRlIjo1NDAwMDAwMDAwMDAwLCJkZWxldGUiOjU0MDAwMDAwMDAwMDAsInJlYWQiOjMwMDAwMDAwMDAwMCwidXBkYXRlIjo1NDAwMDAwMDAwMDAwfX0="
        }
      ]
    },
    {
      "mode": "managed",
      "type": "azurerm_storage_account",
      "name": "VMStroageAccount",
      "provider": "provider[\"registry.terraform.io/hashicorp/azurerm\"]",
      "instances": [
        {
          "schema_version": 2,
          "attributes": {
            "access_tier": "Hot",
            "account_kind": "StorageV2",
            "account_replication_type": "LRS",
            "account_tier": "Standard",
            "allow_blob_public_access": false,
            "blob_properties": [
              {
                "container_delete_retention_policy": [],
                "cors_rule": [],
                "default_service_version": "",
                "delete_retention_policy": [],
                "last_access_time_enabled": false,
                "versioning_enabled": false
              }
            ],
            "custom_domain": [],
            "enable_https_traffic_only": true,
            "id": "/subscriptions/892f7279-0723-4010-9fed-964441e071ab/resourceGroups/VMResourceGroup/providers/Microsoft.Storage/storageAccounts/diag7a4274feca00f04c",
            "identity": [],
            "is_hns_enabled": false,
            "large_file_share_enabled": null,
            "location": "westus",
            "min_tls_version": "TLS1_0",
            "name": "diag7a4274feca00f04c",
            "network_rules": [
              {
                "bypass": [
                  "AzureServices"
                ],
                "default_action": "Allow",
                "ip_rules": [],
                "virtual_network_subnet_ids": []
              }
            ],
            "nfsv3_enabled": false,
            "primary_access_key": "wXTsvBTseHJ8N5TdT8wFEa12n4s48WXHOL41JWO7T0YK0P6BKO7umEp0XKByibrA9Nsi5Qyx0lIMXE5uP3ktyw==",
            "primary_blob_connection_string": "DefaultEndpointsProtocol=https;BlobEndpoint=https://diag7a4274feca00f04c.blob.core.windows.net/;AccountName=diag7a4274feca00f04c;AccountKey=wXTsvBTseHJ8N5TdT8wFEa12n4s48WXHOL41JWO7T0YK0P6BKO7umEp0XKByibrA9Nsi5Qyx0lIMXE5uP3ktyw==",
            "primary_blob_endpoint": "https://diag7a4274feca00f04c.blob.core.windows.net/",
            "primary_blob_host": "diag7a4274feca00f04c.blob.core.windows.net",
            "primary_connection_string": "DefaultEndpointsProtocol=https;AccountName=diag7a4274feca00f04c;AccountKey=wXTsvBTseHJ8N5TdT8wFEa12n4s48WXHOL41JWO7T0YK0P6BKO7umEp0XKByibrA9Nsi5Qyx0lIMXE5uP3ktyw==;EndpointSuffix=core.windows.net",
            "primary_dfs_endpoint": "https://diag7a4274feca00f04c.dfs.core.windows.net/",
            "primary_dfs_host": "diag7a4274feca00f04c.dfs.core.windows.net",
            "primary_file_endpoint": "https://diag7a4274feca00f04c.file.core.windows.net/",
            "primary_file_host": "diag7a4274feca00f04c.file.core.windows.net",
            "primary_location": "westus",
            "primary_queue_endpoint": "https://diag7a4274feca00f04c.queue.core.windows.net/",
            "primary_queue_host": "diag7a4274feca00f04c.queue.core.windows.net",
            "primary_table_endpoint": "https://diag7a4274feca00f04c.table.core.windows.net/",
            "primary_table_host": "diag7a4274feca00f04c.table.core.windows.net",
            "primary_web_endpoint": "https://diag7a4274feca00f04c.z22.web.core.windows.net/",
            "primary_web_host": "diag7a4274feca00f04c.z22.web.core.windows.net",
            "queue_properties": [
              {
                "cors_rule": [],
                "hour_metrics": [
                  {
                    "enabled": true,
                    "include_apis": true,
                    "retention_policy_days": 7,
                    "version": "1.0"
                  }
                ],
                "logging": [
                  {
                    "delete": false,
                    "read": false,
                    "retention_policy_days": 0,
                    "version": "1.0",
                    "write": false
                  }
                ],
                "minute_metrics": [
                  {
                    "enabled": false,
                    "include_apis": false,
                    "retention_policy_days": 0,
                    "version": "1.0"
                  }
                ]
              }
            ],
            "resource_group_name": "VMResourceGroup",
            "secondary_access_key": "LUIEQ1qpj2u4Flev5RroLl0UM0PWjxJ/HqyX3bMZ1VxonI746J+6Y4sa2pxtHDXUuQyw8S8cglGzvLMLiEOZlg==",
            "secondary_blob_connection_string": "",
            "secondary_blob_endpoint": null,
            "secondary_blob_host": null,
            "secondary_connection_string": "DefaultEndpointsProtocol=https;AccountName=diag7a4274feca00f04c;AccountKey=LUIEQ1qpj2u4Flev5RroLl0UM0PWjxJ/HqyX3bMZ1VxonI746J+6Y4sa2pxtHDXUuQyw8S8cglGzvLMLiEOZlg==;EndpointSuffix=core.windows.net",
            "secondary_dfs_endpoint": null,
            "secondary_dfs_host": null,
            "secondary_file_endpoint": null,
            "secondary_file_host": null,
            "secondary_location": "",
            "secondary_queue_endpoint": null,
            "secondary_queue_host": null,
            "secondary_table_endpoint": null,
            "secondary_table_host": null,
            "secondary_web_endpoint": null,
            "secondary_web_host": null,
            "static_website": [],
            "tags": {
              "environment": "VM Creation"
            },
            "timeouts": null
          },
          "sensitive_attributes": [],
          "private": "eyJlMmJmYjczMC1lY2FhLTExZTYtOGY4OC0zNDM2M2JjN2M0YzAiOnsiY3JlYXRlIjozNjAwMDAwMDAwMDAwLCJkZWxldGUiOjM2MDAwMDAwMDAwMDAsInJlYWQiOjMwMDAwMDAwMDAwMCwidXBkYXRlIjozNjAwMDAwMDAwMDAwfSwic2NoZW1hX3ZlcnNpb24iOiIyIn0=",
          "dependencies": [
            "azurerm_resource_group.rsgroup",
            "random_id.randomId"
          ]
        }
      ]
    },
    {
      "mode": "managed",
      "type": "azurerm_subnet",
      "name": "AZVnetDBrick",
      "provider": "provider[\"registry.terraform.io/hashicorp/azurerm\"]",
      "instances": [
        {
          "schema_version": 0,
          "attributes": {
            "address_prefix": "10.0.2.0/24",
            "address_prefixes": [
              "10.0.2.0/24"
            ],
            "delegation": [],
            "enforce_private_link_endpoint_network_policies": false,
            "enforce_private_link_service_network_policies": false,
            "id": "/subscriptions/892f7279-0723-4010-9fed-964441e071ab/resourceGroups/VMResourceGroup/providers/Microsoft.Network/virtualNetworks/VMVnet/subnets/VNETDBrick",
            "name": "VNETDBrick",
            "resource_group_name": "VMResourceGroup",
            "service_endpoint_policy_ids": [],
            "service_endpoints": [],
            "timeouts": null,
            "virtual_network_name": "VMVnet"
          },
          "sensitive_attributes": [],
          "private": "eyJlMmJmYjczMC1lY2FhLTExZTYtOGY4OC0zNDM2M2JjN2M0YzAiOnsiY3JlYXRlIjoxODAwMDAwMDAwMDAwLCJkZWxldGUiOjE4MDAwMDAwMDAwMDAsInJlYWQiOjMwMDAwMDAwMDAwMCwidXBkYXRlIjoxODAwMDAwMDAwMDAwfX0=",
          "dependencies": [
            "azurerm_resource_group.rsgroup",
            "azurerm_virtual_network.AZVnet"
          ]
        }
      ]
    },
    {
      "mode": "managed",
      "type": "azurerm_subnet",
      "name": "AZsubnet",
      "provider": "provider[\"registry.terraform.io/hashicorp/azurerm\"]",
      "instances": [
        {
          "schema_version": 0,
          "attributes": {
            "address_prefix": "10.0.1.0/24",
            "address_prefixes": [
              "10.0.1.0/24"
            ],
            "delegation": [],
            "enforce_private_link_endpoint_network_policies": false,
            "enforce_private_link_service_network_policies": false,
            "id": "/subscriptions/892f7279-0723-4010-9fed-964441e071ab/resourceGroups/VMResourceGroup/providers/Microsoft.Network/virtualNetworks/VMVnet/subnets/VNETSubnet",
            "name": "VNETSubnet",
            "resource_group_name": "VMResourceGroup",
            "service_endpoint_policy_ids": [],
            "service_endpoints": [],
            "timeouts": null,
            "virtual_network_name": "VMVnet"
          },
          "sensitive_attributes": [],
          "private": "eyJlMmJmYjczMC1lY2FhLTExZTYtOGY4OC0zNDM2M2JjN2M0YzAiOnsiY3JlYXRlIjoxODAwMDAwMDAwMDAwLCJkZWxldGUiOjE4MDAwMDAwMDAwMDAsInJlYWQiOjMwMDAwMDAwMDAwMCwidXBkYXRlIjoxODAwMDAwMDAwMDAwfX0=",
          "dependencies": [
            "azurerm_resource_group.rsgroup",
            "azurerm_virtual_network.AZVnet"
          ]
        }
      ]
    },
    {
      "mode": "managed",
      "type": "azurerm_virtual_network",
      "name": "AZVnet",
      "provider": "provider[\"registry.terraform.io/hashicorp/azurerm\"]",
      "instances": [
        {
          "schema_version": 0,
          "attributes": {
            "address_space": [
              "10.0.0.0/16"
            ],
            "bgp_community": "",
            "ddos_protection_plan": [],
            "dns_servers": [],
            "guid": "590d4c34-c3a7-4814-a60a-6805d9611ac1",
            "id": "/subscriptions/892f7279-0723-4010-9fed-964441e071ab/resourceGroups/VMResourceGroup/providers/Microsoft.Network/virtualNetworks/VMVnet",
            "location": "westus",
            "name": "VMVnet",
            "resource_group_name": "VMResourceGroup",
            "subnet": [
              {
                "address_prefix": "10.0.1.0/24",
                "id": "/subscriptions/892f7279-0723-4010-9fed-964441e071ab/resourceGroups/VMResourceGroup/providers/Microsoft.Network/virtualNetworks/VMVnet/subnets/VNETSubnet",
                "name": "VNETSubnet",
                "security_group": ""
              },
              {
                "address_prefix": "10.0.2.0/24",
                "id": "/subscriptions/892f7279-0723-4010-9fed-964441e071ab/resourceGroups/VMResourceGroup/providers/Microsoft.Network/virtualNetworks/VMVnet/subnets/VNETDBrick",
                "name": "VNETDBrick",
                "security_group": ""
              }
            ],
            "tags": {
              "environment": "VM Creation"
            },
            "timeouts": null,
            "vm_protection_enabled": false
          },
          "sensitive_attributes": [],
          "private": "eyJlMmJmYjczMC1lY2FhLTExZTYtOGY4OC0zNDM2M2JjN2M0YzAiOnsiY3JlYXRlIjoxODAwMDAwMDAwMDAwLCJkZWxldGUiOjE4MDAwMDAwMDAwMDAsInJlYWQiOjMwMDAwMDAwMDAwMCwidXBkYXRlIjoxODAwMDAwMDAwMDAwfX0=",
          "dependencies": [
            "azurerm_resource_group.rsgroup"
          ]
        }
      ]
    },
    {
      "mode": "managed",
      "type": "databricks_group_member",
      "name": "grouop_user_mapping",
      "provider": "provider[\"registry.terraform.io/databrickslabs/databricks\"]",
      "instances": []
    },
    {
      "mode": "managed",
      "type": "databricks_permissions",
      "name": "cluster_usage",
      "provider": "provider[\"registry.terraform.io/databrickslabs/databricks\"]",
      "instances": []
    },
    {
      "mode": "managed",
      "type": "random_id",
      "name": "randomId",
      "provider": "provider[\"registry.terraform.io/hashicorp/random\"]",
      "instances": [
        {
          "schema_version": 0,
          "attributes": {
            "b64_std": "ekJ0/soA8Ew=",
            "b64_url": "ekJ0_soA8Ew",
            "byte_length": 8,
            "dec": "8809732458749685836",
            "hex": "7a4274feca00f04c",
            "id": "ekJ0_soA8Ew",
            "keepers": {
              "resource_group": "VMResourceGroup"
            },
            "prefix": null
          },
          "sensitive_attributes": [],
          "private": "bnVsbA==",
          "dependencies": [
            "azurerm_resource_group.rsgroup"
          ]
        }
      ]
    },
    {
      "mode": "managed",
      "type": "random_integer",
      "name": "ri",
      "provider": "provider[\"registry.terraform.io/hashicorp/random\"]",
      "instances": [
        {
          "schema_version": 0,
          "attributes": {
            "id": "83892",
            "keepers": null,
            "max": 99999,
            "min": 10000,
            "result": 83892,
            "seed": null
          },
          "sensitive_attributes": [],
          "private": "bnVsbA=="
        }
      ]
    },
    {
      "mode": "managed",
      "type": "random_password",
      "name": "admin_password",
      "provider": "provider[\"registry.terraform.io/hashicorp/random\"]",
      "instances": [
        {
          "schema_version": 0,
          "attributes": {
            "id": "none",
            "keepers": null,
            "length": 8,
            "lower": true,
            "min_lower": 0,
            "min_numeric": 0,
            "min_special": 0,
            "min_upper": 0,
            "number": true,
            "override_special": null,
            "result": "hGFVgMzR",
            "special": false,
            "upper": true
          },
          "sensitive_attributes": [],
          "private": "bnVsbA=="
        }
      ]
    }
  ]
}
